// !$*UTF8*$!
{
	archiveVersion = 1;
	classes = {
	};
	objectVersion = 48;
	objects = {

/* Begin PBXBuildFile section */
		65D6F0AB208193DD0030A6BF /* AppDelegate.swift in Sources */ = {isa = PBXBuildFile; fileRef = 65D6F0AA208193DD0030A6BF /* AppDelegate.swift */; };
		65D6F0AD208193DD0030A6BF /* ViewController.swift in Sources */ = {isa = PBXBuildFile; fileRef = 65D6F0AC208193DD0030A6BF /* ViewController.swift */; };
		65D6F0B0208193DD0030A6BF /* Main.storyboard in Resources */ = {isa = PBXBuildFile; fileRef = 65D6F0AE208193DD0030A6BF /* Main.storyboard */; };
		65D6F0B2208193DD0030A6BF /* Assets.xcassets in Resources */ = {isa = PBXBuildFile; fileRef = 65D6F0B1208193DD0030A6BF /* Assets.xcassets */; };
		65D6F0B5208193DD0030A6BF /* LaunchScreen.storyboard in Resources */ = {isa = PBXBuildFile; fileRef = 65D6F0B3208193DD0030A6BF /* LaunchScreen.storyboard */; };
		65D6F0BF2081A13A0030A6BF /* TTTT.png in Resources */ = {isa = PBXBuildFile; fileRef = 65D6F0BE2081A13A0030A6BF /* TTTT.png */; };
/* End PBXBuildFile section */

/* Begin PBXFileReference section */
		65D6F0A7208193DD0030A6BF /* Class8.app */ = {isa = PBXFileReference; explicitFileType = wrapper.application; includeInIndex = 0; path = Class8.app; sourceTree = BUILT_PRODUCTS_DIR; };
		65D6F0AA208193DD0030A6BF /* AppDelegate.swift */ = {isa = PBXFileReference; lastKnownFileType = sourcecode.swift; path = AppDelegate.swift; sourceTree = "<group>"; };
		65D6F0AC208193DD0030A6BF /* ViewController.swift */ = {isa = PBXFileReference; lastKnownFileType = sourcecode.swift; path = ViewController.swift; sourceTree = "<group>"; };
		65D6F0AF208193DD0030A6BF /* Base */ = {isa = PBXFileReference; lastKnownFileType = file.storyboard; name = Base; path = Base.lproj/Main.storyboard; sourceTree = "<group>"; };
		65D6F0B1208193DD0030A6BF /* Assets.xcassets */ = {isa = PBXFileReference; lastKnownFileType = folder.assetcatalog; path = Assets.xcassets; sourceTree = "<group>"; };
		65D6F0B4208193DD0030A6BF /* Base */ = {isa = PBXFileReference; lastKnownFileType = file.storyboard; name = Base; path = Base.lproj/LaunchScreen.storyboard; sourceTree = "<group>"; };
		65D6F0B6208193DD0030A6BF /* Info.plist */ = {isa = PBXFileReference; lastKnownFileType = text.plist.xml; path = Info.plist; sourceTree = "<group>"; };
		65D6F0BE2081A13A0030A6BF /* TTTT.png */ = {isa = PBXFileReference; lastKnownFileType = image.png; path = TTTT.png; sourceTree = "<group>"; };
/* End PBXFileReference section */

/* Begin PBXFrameworksBuildPhase section */
		65D6F0A4208193DD0030A6BF /* Frameworks */ = {
			isa = PBXFrameworksBuildPhase;
			buildActionMask = 2147483647;
			files = (
			);
			runOnlyForDeploymentPostprocessing = 0;
		};
/* End PBXFrameworksBuildPhase section */

/* Begin PBXGroup section */
		65D6F09E208193DD0030A6BF = {
			isa = PBXGroup;
			children = (
				65D6F0A9208193DD0030A6BF /* Class8 */,
				65D6F0A8208193DD0030A6BF /* Products */,
			);
			sourceTree = "<group>";
		};
		65D6F0A8208193DD0030A6BF /* Products */ = {
			isa = PBXGroup;
			children = (
				65D6F0A7208193DD0030A6BF /* Class8.app */,
			);
			name = Products;
			sourceTree = "<group>";
		};
		65D6F0A9208193DD0030A6BF /* Class8 */ = {
			isa = PBXGroup;
			children = (
				65D6F0BE2081A13A0030A6BF /* TTTT.png */,
				65D6F0AA208193DD0030A6BF /* AppDelegate.swift */,
				65D6F0AC208193DD0030A6BF /* ViewController.swift */,
				65D6F0AE208193DD0030A6BF /* Main.storyboard */,
				65D6F0B1208193DD0030A6BF /* Assets.xcassets */,
				65D6F0B3208193DD0030A6BF /* LaunchScreen.storyboard */,
				65D6F0B6208193DD0030A6BF /* Info.plist */,
			);
			path = Class8;
			sourceTree = "<group>";
		};
/* End PBXGroup section */

/* Begin PBXNativeTarget section */
		65D6F0A6208193DD0030A6BF /* Class8 */ = {
			isa = PBXNativeTarget;
			buildConfigurationList = 65D6F0B9208193DD0030A6BF /* Build configuration list for PBXNativeTarget "Class8" */;
			buildPhases = (
				65D6F0A3208193DD0030A6BF /* Sources */,
				65D6F0A4208193DD0030A6BF /* Frameworks */,
				65D6F0A5208193DD0030A6BF /* Resources */,
			);
			buildRules = (
			);
			dependencies = (
			);
			name = Class8;
			productName = Class8;
			productReference = 65D6F0A7208193DD0030A6BF /* Class8.app */;
			productType = "com.apple.product-type.application";
		};
/* End PBXNativeTarget section */

/* Begin PBXProject section */
		65D6F09F208193DD0030A6BF /* Project object */ = {
			isa = PBXProject;
			attributes = {
				LastSwiftUpdateCheck = 0920;
				LastUpgradeCheck = 0920;
				ORGANIZATIONNAME = CLINK;
				TargetAttributes = {
					65D6F0A6208193DD0030A6BF = {
						CreatedOnToolsVersion = 9.2;
						ProvisioningStyle = Automatic;
					};
				};
			};
			buildConfigurationList = 65D6F0A2208193DD0030A6BF /* Build configuration list for PBXProject "Class8" */;
			compatibilityVersion = "Xcode 8.0";
			developmentRegion = en;
			hasScannedForEncodings = 0;
			knownRegions = (
				en,
				Base,
			);
			mainGroup = 65D6F09E208193DD0030A6BF;
			productRefGroup = 65D6F0A8208193DD0030A6BF /* Products */;
			projectDirPath = "";
			projectRoot = "";
			targets = (
				65D6F0A6208193DD0030A6BF /* Class8 */,
			);
		};
/* End PBXProject section */

/* Begin PBXResourcesBuildPhase section */
		65D6F0A5208193DD0030A6BF /* Resources */ = {
			isa = PBXResourcesBuildPhase;
			buildActionMask = 2147483647;
			files = (
				65D6F0BF2081A13A0030A6BF /* TTTT.png in Resources */,
				65D6F0B5208193DD0030A6BF /* LaunchScreen.storyboard in Resources */,
				65D6F0B2208193DD0030A6BF /* Assets.xcassets in Resources */,
				65D6F0B0208193DD0030A6BF /* Main.storyboard in Resources */,
			);
			runOnlyForDeploymentPostprocessing = 0;
		};
/* End PBXResourcesBuildPhase section */

/* Begin PBXSourcesBuildPhase section */
		65D6F0A3208193DD0030A6BF /* Sources */ = {
			isa = PBXSourcesBuildPhase;
			buildActionMask = 2147483647;
			files = (
				65D6F0AD208193DD0030A6BF /* ViewController.swift in Sources */,
				65D6F0AB208193DD0030A6BF /* AppDelegate.swift in Sources */,
			);
			runOnlyForDeploymentPostprocessing = 0;
		};
/* End PBXSourcesBuildPhase section */

/* Begin PBXVariantGroup section */
		65D6F0AE208193DD0030A6BF /* Main.storyboard */ = {
			isa = PBXVariantGroup;
			children = (
				65D6F0AF208193DD0030A6BF /* Base */,
			);
			name = Main.storyboard;
			sourceTree = "<group>";
		};
		65D6F0B3208193DD0030A6BF /* LaunchScreen.storyboard */ = {
			isa = PBXVariantGroup;
			children = (
				65D6F0B4208193DD0030A6BF /* Base */,
			);
			name = LaunchScreen.storyboard;
			sourceTree = "<group>";
		};
/* End PBXVariantGroup section */

/* Begin XCBuildConfiguration section */
		65D6F0B7208193DD0030A6BF /* Debug */ = {
			isa = XCBuildConfiguration;
			buildSettings = {
				ALWAYS_SEARCH_USER_PATHS = NO;
				CLANG_ANALYZER_NONNULL = YES;
				CLANG_ANALYZER_NUMBER_OBJECT_CONVERSION = YES_AGGRESSIVE;
				CLANG_CXX_LANGUAGE_STANDARD = "gnu++14";
				CLANG_CXX_LIBRARY = "libc++";
				CLANG_ENABLE_MODULES = YES;
				CLANG_ENABLE_OBJC_ARC = YES;
				CLANG_WARN_BLOCK_CAPTURE_AUTORELEASING = YES;
				CLANG_WARN_BOOL_CONVERSION = YES;
				CLANG_WARN_COMMA = YES;
				CLANG_WARN_CONSTANT_CONVERSION = YES;
				CLANG_WARN_DIRECT_OBJC_ISA_USAGE = YES_ERROR;
				CLANG_WARN_DOCUMENTATION_COMMENTS = YES;
				CLANG_WARN_EMPTY_BODY = YES;
				CLANG_WARN_ENUM_CONVERSION = YES;
				CLANG_WARN_INFINITE_RECURSION = YES;
				CLANG_WARN_INT_CONVERSION = YES;
				CLANG_WARN_NON_LITERAL_NULL_CONVERSION = YES;
				CLANG_WARN_OBJC_LITERAL_CONVERSION = YES;
				CLANG_WARN_OBJC_ROOT_CLASS = YES_ERROR;
				CLANG_WARN_RANGE_LOOP_ANALYSIS = YES;
				CLANG_WARN_STRICT_PROTOTYPES = YES;
				CLANG_WARN_SUSPICIOUS_MOVE = YES;
				CLANG_WARN_UNGUARDED_AVAILABILITY = YES_AGGRESSIVE;
				CLANG_WARN_UNREACHABLE_CODE = YES;
				CLANG_WARN__DUPLICATE_METHOD_MATCH = YES;
				CODE_SIGN_IDENTITY = "iPhone Developer";
				COPY_PHASE_STRIP = NO;
				DEBUG_INFORMATION_FORMAT = dwarf;
				ENABLE_STRICT_OBJC_MSGSEND = YES;
				ENABLE_TESTABILITY = YES;
				GCC_C_LANGUAGE_STANDARD = gnu11;
				GCC_DYNAMIC_NO_PIC = NO;
				GCC_NO_COMMON_BLOCKS = YES;
				GCC_OPTIMIZATION_LEVEL = 0;
				GCC_PREPROCESSOR_DEFINITIONS = (
					"DEBUG=1",
					"$(inherited)",
				);
				GCC_WARN_64_TO_32_BIT_CONVERSION = YES;
				GCC_WARN_ABOUT_RETURN_TYPE = YES_ERROR;
				GCC_WARN_UNDECLARED_SELECTOR = YES;
				GCC_WARN_UNINITIALIZED_AUTOS = YES_AGGRESSIVE;
				GCC_WARN_UNUSED_FUNCTION = YES;
				GCC_WARN_UNUSED_VARIABLE = YES;
				IPHONEOS_DEPLOYMENT_TARGET = 11.2;
				MTL_ENABLE_DEBUG_INFO = YES;
				ONLY_ACTIVE_ARCH = YES;
				SDKROOT = iphoneos;
				SWIFT_ACTIVE_COMPILATION_CONDITIONS = DEBUG;
				SWIFT_OPTIMIZATION_LEVEL = "-Onone";
			};
			name = Debug;
		};
		65D6F0B8208193DD0030A6BF /* Release */ = {
			isa = XCBuildConfiguration;
			buildSettings = {
				ALWAYS_SEARCH_USER_PATHS = NO;
				CLANG_ANALYZER_NONNULL = YES;
				CLANG_ANALYZER_NUMBER_OBJECT_CONVERSION = YES_AGGRESSIVE;
				CLANG_CXX_LANGUAGE_STANDARD = "gnu++14";
				CLANG_CXX_LIBRARY = "libc++";
				CLANG_ENABLE_MODULES = YES;
				CLANG_ENABLE_OBJC_ARC = YES;
				CLANG_WARN_BLOCK_CAPTURE_AUTORELEASING = YES;
				CLANG_WARN_BOOL_CONVERSION = YES;
				CLANG_WARN_COMMA = YES;
				CLANG_WARN_CONSTANT_CONVERSION = YES;
				CLANG_WARN_DIRECT_OBJC_ISA_USAGE = YES_ERROR;
				CLANG_WARN_DOCUMENTATION_COMMENTS = YES;
				CLANG_WARN_EMPTY_BODY = YES;
				CLANG_WARN_ENUM_CONVERSION = YES;
				CLANG_WARN_INFINITE_RECURSION = YES;
				CLANG_WARN_INT_CONVERSION = YES;
				CLANG_WARN_NON_LITERAL_NULL_CONVERSION = YES;
				CLANG_WARN_OBJC_LITERAL_CONVERSION = YES;
				CLANG_WARN_OBJC_ROOT_CLASS = YES_ERROR;
				CLANG_WARN_RANGE_LOOP_ANALYSIS = YES;
				CLANG_WARN_STRICT_PROTOTYPES = YES;
				CLANG_WARN_SUSPICIOUS_MOVE = YES;
				CLANG_WARN_UNGUARDED_AVAILABILITY = YES_AGGRESSIVE;
				CLANG_WARN_UNREACHABLE_CODE = YES;
				CLANG_WARN__DUPLICATE_METHOD_MATCH = YES;
				CODE_SIGN_IDENTITY = "iPhone Developer";
				COPY_PHASE_STRIP = NO;
				DEBUG_INFORMATION_FORMAT = "dwarf-with-dsym";
				ENABLE_NS_ASSERTIONS = NO;
				ENABLE_STRICT_OBJC_MSGSEND = YES;
				GCC_C_LANGUAGE_STANDARD = gnu11;
				GCC_NO_COMMON_BLOCKS = YES;
				GCC_WARN_64_TO_32_BIT_CONVERSION = YES;
				GCC_WARN_ABOUT_RETURN_TYPE = YES_ERROR;
				GCC_WARN_UNDECLARED_SELECTOR = YES;
				GCC_WARN_UNINITIALIZED_AUTOS = YES_AGGRESSIVE;
				GCC_WARN_UNUSED_FUNCTION = YES;
				GCC_WARN_UNUSED_VARIABLE = YES;
				IPHONEOS_DEPLOYMENT_TARGET = 11.2;
				MTL_ENABLE_DEBUG_INFO = NO;
				SDKROOT = iphoneos;
				SWIFT_OPTIMIZATION_LEVEL = "-Owholemodule";
				VALIDATE_PRODUCT = YES;
			};
			name = Release;
		};
		65D6F0BA208193DD0030A6BF /* Debug */ = {
			isa = XCBuildConfiguration;
			buildSettings = {
				ASSETCATALOG_COMPILER_APPICON_NAME = AppIcon;
				CODE_SIGN_STYLE = Automatic;
				DEVELOPMENT_TEAM = L9U7U49DRS;
				INFOPLIST_FILE = Class8/Info.plist;
				IPHONEOS_DEPLOYMENT_TARGET = 10.2;
				LD_RUNPATH_SEARCH_PATHS = "$(inherited) @executable_path/Frameworks";
				PRODUCT_BUNDLE_IDENTIFIER = CLINK.com.Class8;
				PRODUCT_NAME = "$(TARGET_NAME)";
				SWIFT_VERSION = 4.0;
				TARGETED_DEVICE_FAMILY = "1,2";
			};
			name = Debug;
		};
		65D6F0BB208193DD0030A6BF /* Release */ = {
			isa = XCBuildConfiguration;
			buildSettings = {
				ASSETCATALOG_COMPILER_APPICON_NAME = AppIcon;
				CODE_SIGN_STYLE = Automatic;
				DEVELOPMENT_TEAM = L9U7U49DRS;
				INFOPLIST_FILE = Class8/Info.plist;
				IPHONEOS_DEPLOYMENT_TARGET = 10.2;
				LD_RUNPATH_SEARCH_PATHS = "$(inherited) @executable_path/Frameworks";
				PRODUCT_BUNDLE_IDENTIFIER = CLINK.com.Class8;
				PRODUCT_NAME = "$(TARGET_NAME)";
				SWIFT_VERSION = 4.0;
				TARGETED_DEVICE_FAMILY = "1,2";
			};
			name = Release;
		};
/* End XCBuildConfiguration section */

/* Begin XCConfigurationList section */
		65D6F0A2208193DD0030A6BF /* Build configuration list for PBXProject "Class8" */ = {
			isa = XCConfigurationList;
			buildConfigurations = (
				65D6F0B7208193DD0030A6BF /* Debug */,
				65D6F0B8208193DD0030A6BF /* Release */,
			);
			defaultConfigurationIsVisible = 0;
			defaultConfigurationName = Release;
		};
		65D6F0B9208193DD0030A6BF /* Build configuration list for PBXNativeTarget "Class8" */ = {
			isa = XCConfigurationList;
			buildConfigurations = (
				65D6F0BA208193DD0030A6BF /* Debug */,
				65D6F0BB208193DD0030A6BF /* Release */,
			);
			defaultConfigurationIsVisible = 0;
			defaultConfigurationName = Release;
		};
/* End XCConfigurationList section */
	};
	rootObject = 65D6F09F208193DD0030A6BF /* Project object */;
}
